[[skill]]
name = "ask-user-question"
source = ""
checksum = "sha256:78e99ecf50027fb87e37ef2b91294df6b7c714d24d4a1f5c6330dfa666e822ff"

[[skill]]
name = "brainstorming"
source = "https://github.com/obra/superpowers.git"
path = "brainstorming"
commit = "5ef73d25b71e69e63a74eae359fb26c7a6ac8fc0"
checksum = "sha256:fbde834ed6f5e130cfbe1b3488b809a2c06023df11a8883bba6e839e00755fbe"

[[skill]]
name = "dispatching-parallel-agents"
source = "https://github.com/obra/superpowers.git"
path = "dispatching-parallel-agents"
checksum = "sha256:534432f7d0af6f567ec505ef251e6bbf0a8f2d12a34d9da9517fb131dd9c8646"

[[skill]]
name = "executing-plans"
source = "https://github.com/obra/superpowers.git"
path = "executing-plans"
commit = "5ef73d25b71e69e63a74eae359fb26c7a6ac8fc0"
checksum = "sha256:2f709d1a2c7564f8ce6a9bb707e7f5451117ba80f8e8e2302662c29bc61246a6"

[[skill]]
name = "finishing-a-development-branch"
source = "https://github.com/obra/superpowers.git"
path = "finishing-a-development-branch"
commit = "5ef73d25b71e69e63a74eae359fb26c7a6ac8fc0"
checksum = "sha256:9edba9a38684c060fdc38290f640e1dc0c37de286723ac9be73bacacf7cd6f3d"

[[skill]]
name = "insta-snapshot-testing"
source = ""
checksum = "sha256:385b89e3f752d5c2ac169a41159ee6b91baee9d8390aca459d34c740392f886d"

[[skill]]
name = "ion-cli"
source = ""
checksum = "sha256:568522929f0ae87df17fd2f26a43fe1542f8a1b5abd2cd69f6e37aec4bf8d8f0"

[[skill]]
name = "ir-spec-writing"
source = "/Users/roger/Code/rust/kirin/skills/ir-spec-writing"
checksum = "sha256:666621dc1737aadb95c65122f72f295968e24424670c90af4fd9eb20d13745c9"

[[skill]]
name = "kirin-derive-macros"
source = ""
checksum = "sha256:8dc3d12634c4fa38f978c3f7e77039598799d65f3693404f082d427137ea253e"

[[skill]]
name = "kirin-rfc-implementer"
source = ""
checksum = "sha256:78c9881c511bc1db2af0f41a053cbdb4fd06864f327f933d692de04032085029"

[[skill]]
name = "kirin-rfc-writer"
source = ""
checksum = "sha256:3145babf5d70175447e9b358f9e7ffdb4e90fc9f33c675e5200805feb47ca2fc"

[[skill]]
name = "receiving-code-review"
source = "https://github.com/obra/superpowers.git"
path = "receiving-code-review"
commit = "5ef73d25b71e69e63a74eae359fb26c7a6ac8fc0"
checksum = "sha256:2760c85d4f4117b0006e7ba755f4bbd61f8f4c185f347999763c97f507274e30"

[[skill]]
name = "refactor"
source = ""
checksum = "sha256:056c46d9e4d0c93f657c70b7ed04d72ea56328fa080ab4c9cef53a69d3fa03f0"

[[skill]]
name = "requesting-code-review"
source = "https://github.com/obra/superpowers.git"
path = "requesting-code-review"
commit = "5ef73d25b71e69e63a74eae359fb26c7a6ac8fc0"
checksum = "sha256:b90fd3ef4ffc64436d1af98e1466ed605e85402c17f5f729936e2ca10d20766e"

[[skill]]
name = "simplify"
source = "https://github.com/brianlovin/claude-config.git"
path = "simplify"
commit = "371c6c5ca1d6cadbd9efe401d37d3a290f5761b5"
checksum = "sha256:322a20071306ede626dc73ac05182b08c97b60781e23ec3fbf23f85a4d27d111"

[[skill]]
name = "subagent-driven-development"
source = "https://github.com/obra/superpowers.git"
path = "subagent-driven-development"
checksum = "sha256:8e3828df01e278931c40cf27e61ea0a4fc34f331c0095934d3eeae2f08e6e805"

[[skill]]
name = "systematic-debugging"
source = "https://github.com/obra/superpowers.git"
path = "systematic-debugging"
commit = "5ef73d25b71e69e63a74eae359fb26c7a6ac8fc0"
checksum = "sha256:6fddb1f3952f65f1f3a2ef267ae4ab6919ff70a8b36672ea908640ae21a34ea0"

[[skill]]
name = "test-coverage-review"
source = ""
checksum = "sha256:bdb7ce8b607a12c4fe2c5894bc12e103ded99d29cc495556b66c2820687fd063"

[[skill]]
name = "test-driven-development"
source = "https://github.com/obra/superpowers.git"
path = "test-driven-development"
commit = "5ef73d25b71e69e63a74eae359fb26c7a6ac8fc0"
checksum = "sha256:126f1ebf6ccd414f42544f6e83d8cc5adb089e1108eaffb7c400701e37eecd9f"

[[skill]]
name = "triage-review"
source = ""
checksum = "sha256:5fca55788caa5bf326a8bee9e827f37fb2d40efd1efcc37e9ad3164eb65278df"

[[skill]]
name = "using-git-worktrees"
source = "https://github.com/obra/superpowers.git"
path = "using-git-worktrees"
commit = "5ef73d25b71e69e63a74eae359fb26c7a6ac8fc0"
checksum = "sha256:52bbb4b6e80918e83e92a1514f3b3757712154c2a8a42de24919e48a794c54fc"

[[skill]]
name = "using-superpowers"
source = "https://github.com/obra/superpowers.git"
path = "using-superpowers"
commit = "5ef73d25b71e69e63a74eae359fb26c7a6ac8fc0"
checksum = "sha256:df560ba219fc828fd3e49749dffad1fc4d730538ea2ef81ec18751c5fb16da32"

[[skill]]
name = "verification-before-completion"
source = "https://github.com/obra/superpowers.git"
path = "verification-before-completion"
commit = "5ef73d25b71e69e63a74eae359fb26c7a6ac8fc0"
checksum = "sha256:9b446f0c7fe1cfb560b1d34439523b1a76d5f177290007b2c053a1c749a4a8ba"

[[skill]]
name = "writing-plans"
source = "https://github.com/obra/superpowers.git"
path = "writing-plans"
commit = "5ef73d25b71e69e63a74eae359fb26c7a6ac8fc0"
checksum = "sha256:f167ab77cfe049b5b6d8e7330a93fb12da66010c20d9833b964c0ecce4967563"

[[skill]]
name = "writing-skills"
source = "https://github.com/obra/superpowers.git"
path = "writing-skills"
commit = "5ef73d25b71e69e63a74eae359fb26c7a6ac8fc0"
checksum = "sha256:5cb2cd1d6c3a2d4f598fdaceb852f302de034f57ee7872924ffc1fc2e9ca7745"
